// !$*UTF8*$!
{
	archiveVersion = 1;
	classes = {
	};
	objectVersion = 48;
	objects = {

/* Begin PBXBuildFile section */
		772BD9821F695C7B003FEC2B /* InfoView.swift in Sources */ = {isa = PBXBuildFile; fileRef = 772BD9811F695C7B003FEC2B /* InfoView.swift */; };
		772BD9841F695E2C003FEC2B /* UIImageView+.swift in Sources */ = {isa = PBXBuildFile; fileRef = 772BD9831F695E2C003FEC2B /* UIImageView+.swift */; };
		772F315F1F74081B00775AA8 /* Timesheet.swift in Sources */ = {isa = PBXBuildFile; fileRef = 772F315E1F74081B00775AA8 /* Timesheet.swift */; };
		772F31611F7409D400775AA8 /* Date+.swift in Sources */ = {isa = PBXBuildFile; fileRef = 772F31601F7409D400775AA8 /* Date+.swift */; };
		772F31631F7505E000775AA8 /* TimeCalculator.swift in Sources */ = {isa = PBXBuildFile; fileRef = 772F31621F7505E000775AA8 /* TimeCalculator.swift */; };
		7749AC791F6BB94100F1939C /* MediaViewController.swift in Sources */ = {isa = PBXBuildFile; fileRef = 7749AC781F6BB94100F1939C /* MediaViewController.swift */; };
		7754CA251F66E3D5005197ED /* CreatePasswordView.swift in Sources */ = {isa = PBXBuildFile; fileRef = 7754CA231F66E3D4005197ED /* CreatePasswordView.swift */; };
		7754CA261F66E3D5005197ED /* RequestIDView.swift in Sources */ = {isa = PBXBuildFile; fileRef = 7754CA241F66E3D5005197ED /* RequestIDView.swift */; };
		7754CA281F66E476005197ED /* LoginViewController.swift in Sources */ = {isa = PBXBuildFile; fileRef = 7754CA271F66E476005197ED /* LoginViewController.swift */; };
		7754CA2A1F66E48C005197ED /* LoginView.swift in Sources */ = {isa = PBXBuildFile; fileRef = 7754CA291F66E48C005197ED /* LoginView.swift */; };
		7754CA2D1F66E638005197ED /* HomeViewController.swift in Sources */ = {isa = PBXBuildFile; fileRef = 7754CA2C1F66E638005197ED /* HomeViewController.swift */; };
		7754CA311F67CC22005197ED /* ProfileViewController.swift in Sources */ = {isa = PBXBuildFile; fileRef = 7754CA301F67CC22005197ED /* ProfileViewController.swift */; };
		7754CA331F67CC60005197ED /* GSDViewController.swift in Sources */ = {isa = PBXBuildFile; fileRef = 7754CA321F67CC60005197ED /* GSDViewController.swift */; };
		7754CA381F67D8D1005197ED /* MainMenuView.swift in Sources */ = {isa = PBXBuildFile; fileRef = 7754CA371F67D8D1005197ED /* MainMenuView.swift */; };
		7754CA3A1F67DCBB005197ED /* CellViewProtocols.swift in Sources */ = {isa = PBXBuildFile; fileRef = 7754CA391F67DCBB005197ED /* CellViewProtocols.swift */; };
		7754CA3C1F67E059005197ED /* HomeCollectionViewCell.swift in Sources */ = {isa = PBXBuildFile; fileRef = 7754CA3B1F67E059005197ED /* HomeCollectionViewCell.swift */; };
		776075AB1F851814009BB974 /* FeedManager.swift in Sources */ = {isa = PBXBuildFile; fileRef = 776075AA1F851814009BB974 /* FeedManager.swift */; };
		776075AD1F860F70009BB974 /* TriggerView.swift in Sources */ = {isa = PBXBuildFile; fileRef = 776075AC1F860F70009BB974 /* TriggerView.swift */; };
		776075AF1F861957009BB974 /* MainMenuItems.swift in Sources */ = {isa = PBXBuildFile; fileRef = 776075AE1F861957009BB974 /* MainMenuItems.swift */; };
		776075B11F862397009BB974 /* TimesheetEntries.swift in Sources */ = {isa = PBXBuildFile; fileRef = 776075B01F862397009BB974 /* TimesheetEntries.swift */; };
		776075B31F862663009BB974 /* TimerButton.swift in Sources */ = {isa = PBXBuildFile; fileRef = 776075B21F862662009BB974 /* TimerButton.swift */; };
		776EDC5B1F62BB5400D0A0AC /* AppDelegate.swift in Sources */ = {isa = PBXBuildFile; fileRef = 776EDC5A1F62BB5400D0A0AC /* AppDelegate.swift */; };
		776EDC601F62BB5400D0A0AC /* Main.storyboard in Resources */ = {isa = PBXBuildFile; fileRef = 776EDC5E1F62BB5400D0A0AC /* Main.storyboard */; };
		776EDC621F62BB5400D0A0AC /* Assets.xcassets in Resources */ = {isa = PBXBuildFile; fileRef = 776EDC611F62BB5400D0A0AC /* Assets.xcassets */; };
		776EDC651F62BB5400D0A0AC /* LaunchScreen.storyboard in Resources */ = {isa = PBXBuildFile; fileRef = 776EDC631F62BB5400D0A0AC /* LaunchScreen.storyboard */; };
		776EDC701F62BB5400D0A0AC /* OnBoardingTests.swift in Sources */ = {isa = PBXBuildFile; fileRef = 776EDC6F1F62BB5400D0A0AC /* OnBoardingTests.swift */; };
		776EDC7B1F62BB5400D0A0AC /* OnBoardingUITests.swift in Sources */ = {isa = PBXBuildFile; fileRef = 776EDC7A1F62BB5400D0A0AC /* OnBoardingUITests.swift */; };
		776EDC931F62C76700D0A0AC /* UIColor+.swift in Sources */ = {isa = PBXBuildFile; fileRef = 776EDC921F62C76700D0A0AC /* UIColor+.swift */; };
		7782B1DD1F7A52D80024F976 /* TimesheetViewController.swift in Sources */ = {isa = PBXBuildFile; fileRef = 7782B1DC1F7A52D80024F976 /* TimesheetViewController.swift */; };
		7782B1E11F7A530E0024F976 /* TimesheetInfoTableView.swift in Sources */ = {isa = PBXBuildFile; fileRef = 7782B1E01F7A530E0024F976 /* TimesheetInfoTableView.swift */; };
		7782B1E31F7A53220024F976 /* TimesheetPreviewViewController.swift in Sources */ = {isa = PBXBuildFile; fileRef = 7782B1E21F7A53220024F976 /* TimesheetPreviewViewController.swift */; };
		7782B1E91F7A82BD0024F976 /* TextView.swift in Sources */ = {isa = PBXBuildFile; fileRef = 7782B1E81F7A82BD0024F976 /* TextView.swift */; };
		7782B1EB1F7A948C0024F976 /* Message.swift in Sources */ = {isa = PBXBuildFile; fileRef = 7782B1EA1F7A948C0024F976 /* Message.swift */; };
		7782B1ED1F7A94E00024F976 /* MessageResponse.swift in Sources */ = {isa = PBXBuildFile; fileRef = 7782B1EC1F7A94E00024F976 /* MessageResponse.swift */; };
		7782B1EF1F7A9A740024F976 /* MessageTableView.swift in Sources */ = {isa = PBXBuildFile; fileRef = 7782B1EE1F7A9A740024F976 /* MessageTableView.swift */; };
		77B601961F6BDB70000BC777 /* ProfileTableView.swift in Sources */ = {isa = PBXBuildFile; fileRef = 77B601951F6BDB70000BC777 /* ProfileTableView.swift */; };
		77B601981F6BEA42000BC777 /* BasicTableViewCell.swift in Sources */ = {isa = PBXBuildFile; fileRef = 77B601971F6BEA42000BC777 /* BasicTableViewCell.swift */; };
		77BEDF641F6FEF610097CF46 /* MessageViewController.swift in Sources */ = {isa = PBXBuildFile; fileRef = 77BEDF631F6FEF610097CF46 /* MessageViewController.swift */; };
		77BEDF661F6FEF7F0097CF46 /* MessageView.swift in Sources */ = {isa = PBXBuildFile; fileRef = 77BEDF651F6FEF7F0097CF46 /* MessageView.swift */; };
		77D919171F7258FF00BFAB45 /* FeedService.swift in Sources */ = {isa = PBXBuildFile; fileRef = 77D919161F7258FF00BFAB45 /* FeedService.swift */; };
		77D919191F72591C00BFAB45 /* Feed.swift in Sources */ = {isa = PBXBuildFile; fileRef = 77D919181F72591C00BFAB45 /* Feed.swift */; };
		77D9191B1F7262B100BFAB45 /* MenuItem.swift in Sources */ = {isa = PBXBuildFile; fileRef = 77D9191A1F7262B100BFAB45 /* MenuItem.swift */; };
		77D9191D1F72719D00BFAB45 /* Associate.swift in Sources */ = {isa = PBXBuildFile; fileRef = 77D9191C1F72719D00BFAB45 /* Associate.swift */; };
		77D919241F728C2100BFAB45 /* PickerView.swift in Sources */ = {isa = PBXBuildFile; fileRef = 77D919231F728C2100BFAB45 /* PickerView.swift */; };
		77D9D4EF1F7CE6A40058C9D9 /* AuthenticationService.swift in Sources */ = {isa = PBXBuildFile; fileRef = 77D9D4EE1F7CE6A40058C9D9 /* AuthenticationService.swift */; };
		77D9D4F11F7CF8EE0058C9D9 /* Failure.swift in Sources */ = {isa = PBXBuildFile; fileRef = 77D9D4F01F7CF8EE0058C9D9 /* Failure.swift */; };
		77D9D4F41F7D01460058C9D9 /* AuthenticationManager.swift in Sources */ = {isa = PBXBuildFile; fileRef = 77D9D4F31F7D01460058C9D9 /* AuthenticationManager.swift */; };
		77D9D4F61F7D04410058C9D9 /* TriggerButton.swift in Sources */ = {isa = PBXBuildFile; fileRef = 77D9D4F51F7D04410058C9D9 /* TriggerButton.swift */; };
		77FB51ED1F73D438006E73AB /* TimeInterval+.swift in Sources */ = {isa = PBXBuildFile; fileRef = 77FB51EC1F73D438006E73AB /* TimeInterval+.swift */; };
		77FFA8661F700D390034B746 /* AlertView.swift in Sources */ = {isa = PBXBuildFile; fileRef = 77FFA8651F700D390034B746 /* AlertView.swift */; };
		77FFA8681F7132870034B746 /* FeedTableView.swift in Sources */ = {isa = PBXBuildFile; fileRef = 77FFA8671F7132870034B746 /* FeedTableView.swift */; };
		77FFA86A1F7135B70034B746 /* ExtendedTableViewCell.swift in Sources */ = {isa = PBXBuildFile; fileRef = 77FFA8691F7135B70034B746 /* ExtendedTableViewCell.swift */; };
		FA7672CEFE7EB9ABA6B7067D /* Pods_OnBoarding.framework in Frameworks */ = {isa = PBXBuildFile; fileRef = 6A8FACB739714BCEC9757CA2 /* Pods_OnBoarding.framework */; };
/* End PBXBuildFile section */

/* Begin PBXContainerItemProxy section */
		776EDC6C1F62BB5400D0A0AC /* PBXContainerItemProxy */ = {
			isa = PBXContainerItemProxy;
			containerPortal = 776EDC4F1F62BB5400D0A0AC /* Project object */;
			proxyType = 1;
			remoteGlobalIDString = 776EDC561F62BB5400D0A0AC;
			remoteInfo = OnBoarding;
		};
		776EDC771F62BB5400D0A0AC /* PBXContainerItemProxy */ = {
			isa = PBXContainerItemProxy;
			containerPortal = 776EDC4F1F62BB5400D0A0AC /* Project object */;
			proxyType = 1;
			remoteGlobalIDString = 776EDC561F62BB5400D0A0AC;
			remoteInfo = OnBoarding;
		};
/* End PBXContainerItemProxy section */

/* Begin PBXFileReference section */
		06A517FBACF267C9A5F17FEF /* Pods-OnBoarding.debug.xcconfig */ = {isa = PBXFileReference; includeInIndex = 1; lastKnownFileType = text.xcconfig; name = "Pods-OnBoarding.debug.xcconfig"; path = "Pods/Target Support Files/Pods-OnBoarding/Pods-OnBoarding.debug.xcconfig"; sourceTree = "<group>"; };
		36EC0F5F2B0BDD0EA9FEF977 /* Pods-OnBoarding.release.xcconfig */ = {isa = PBXFileReference; includeInIndex = 1; lastKnownFileType = text.xcconfig; name = "Pods-OnBoarding.release.xcconfig"; path = "Pods/Target Support Files/Pods-OnBoarding/Pods-OnBoarding.release.xcconfig"; sourceTree = "<group>"; };
		6A8FACB739714BCEC9757CA2 /* Pods_OnBoarding.framework */ = {isa = PBXFileReference; explicitFileType = wrapper.framework; includeInIndex = 0; path = Pods_OnBoarding.framework; sourceTree = BUILT_PRODUCTS_DIR; };
		772BD9811F695C7B003FEC2B /* InfoView.swift */ = {isa = PBXFileReference; lastKnownFileType = sourcecode.swift; path = InfoView.swift; sourceTree = "<group>"; };
		772BD9831F695E2C003FEC2B /* UIImageView+.swift */ = {isa = PBXFileReference; lastKnownFileType = sourcecode.swift; path = "UIImageView+.swift"; sourceTree = "<group>"; };
		772F315E1F74081B00775AA8 /* Timesheet.swift */ = {isa = PBXFileReference; lastKnownFileType = sourcecode.swift; path = Timesheet.swift; sourceTree = "<group>"; };
		772F31601F7409D400775AA8 /* Date+.swift */ = {isa = PBXFileReference; lastKnownFileType = sourcecode.swift; path = "Date+.swift"; sourceTree = "<group>"; };
		772F31621F7505E000775AA8 /* TimeCalculator.swift */ = {isa = PBXFileReference; lastKnownFileType = sourcecode.swift; path = TimeCalculator.swift; sourceTree = "<group>"; };
		7749AC781F6BB94100F1939C /* MediaViewController.swift */ = {isa = PBXFileReference; fileEncoding = 4; lastKnownFileType = sourcecode.swift; path = MediaViewController.swift; sourceTree = "<group>"; };
		7754CA231F66E3D4005197ED /* CreatePasswordView.swift */ = {isa = PBXFileReference; fileEncoding = 4; lastKnownFileType = sourcecode.swift; path = CreatePasswordView.swift; sourceTree = "<group>"; };
		7754CA241F66E3D5005197ED /* RequestIDView.swift */ = {isa = PBXFileReference; fileEncoding = 4; lastKnownFileType = sourcecode.swift; path = RequestIDView.swift; sourceTree = "<group>"; };
		7754CA271F66E476005197ED /* LoginViewController.swift */ = {isa = PBXFileReference; fileEncoding = 4; lastKnownFileType = sourcecode.swift; path = LoginViewController.swift; sourceTree = "<group>"; };
		7754CA291F66E48C005197ED /* LoginView.swift */ = {isa = PBXFileReference; fileEncoding = 4; lastKnownFileType = sourcecode.swift; path = LoginView.swift; sourceTree = "<group>"; };
		7754CA2C1F66E638005197ED /* HomeViewController.swift */ = {isa = PBXFileReference; lastKnownFileType = sourcecode.swift; path = HomeViewController.swift; sourceTree = "<group>"; };
		7754CA301F67CC22005197ED /* ProfileViewController.swift */ = {isa = PBXFileReference; lastKnownFileType = sourcecode.swift; path = ProfileViewController.swift; sourceTree = "<group>"; };
		7754CA321F67CC60005197ED /* GSDViewController.swift */ = {isa = PBXFileReference; lastKnownFileType = sourcecode.swift; path = GSDViewController.swift; sourceTree = "<group>"; };
		7754CA371F67D8D1005197ED /* MainMenuView.swift */ = {isa = PBXFileReference; lastKnownFileType = sourcecode.swift; path = MainMenuView.swift; sourceTree = "<group>"; };
		7754CA391F67DCBB005197ED /* CellViewProtocols.swift */ = {isa = PBXFileReference; lastKnownFileType = sourcecode.swift; path = CellViewProtocols.swift; sourceTree = "<group>"; };
		7754CA3B1F67E059005197ED /* HomeCollectionViewCell.swift */ = {isa = PBXFileReference; lastKnownFileType = sourcecode.swift; path = HomeCollectionViewCell.swift; sourceTree = "<group>"; };
		776075AA1F851814009BB974 /* FeedManager.swift */ = {isa = PBXFileReference; lastKnownFileType = sourcecode.swift; path = FeedManager.swift; sourceTree = "<group>"; };
		776075AC1F860F70009BB974 /* TriggerView.swift */ = {isa = PBXFileReference; lastKnownFileType = sourcecode.swift; path = TriggerView.swift; sourceTree = "<group>"; };
		776075AE1F861957009BB974 /* MainMenuItems.swift */ = {isa = PBXFileReference; lastKnownFileType = sourcecode.swift; path = MainMenuItems.swift; sourceTree = "<group>"; };
		776075B01F862397009BB974 /* TimesheetEntries.swift */ = {isa = PBXFileReference; lastKnownFileType = sourcecode.swift; path = TimesheetEntries.swift; sourceTree = "<group>"; };
		776075B21F862662009BB974 /* TimerButton.swift */ = {isa = PBXFileReference; fileEncoding = 4; lastKnownFileType = sourcecode.swift; path = TimerButton.swift; sourceTree = "<group>"; };
		776EDC571F62BB5400D0A0AC /* OnBoarding.app */ = {isa = PBXFileReference; explicitFileType = wrapper.application; includeInIndex = 0; path = OnBoarding.app; sourceTree = BUILT_PRODUCTS_DIR; };
		776EDC5A1F62BB5400D0A0AC /* AppDelegate.swift */ = {isa = PBXFileReference; lastKnownFileType = sourcecode.swift; path = AppDelegate.swift; sourceTree = "<group>"; };
		776EDC5F1F62BB5400D0A0AC /* Base */ = {isa = PBXFileReference; lastKnownFileType = file.storyboard; name = Base; path = Base.lproj/Main.storyboard; sourceTree = "<group>"; };
		776EDC611F62BB5400D0A0AC /* Assets.xcassets */ = {isa = PBXFileReference; lastKnownFileType = folder.assetcatalog; path = Assets.xcassets; sourceTree = "<group>"; };
		776EDC641F62BB5400D0A0AC /* Base */ = {isa = PBXFileReference; lastKnownFileType = file.storyboard; name = Base; path = Base.lproj/LaunchScreen.storyboard; sourceTree = "<group>"; };
		776EDC661F62BB5400D0A0AC /* Info.plist */ = {isa = PBXFileReference; lastKnownFileType = text.plist.xml; path = Info.plist; sourceTree = "<group>"; };
		776EDC6B1F62BB5400D0A0AC /* OnBoardingTests.xctest */ = {isa = PBXFileReference; explicitFileType = wrapper.cfbundle; includeInIndex = 0; path = OnBoardingTests.xctest; sourceTree = BUILT_PRODUCTS_DIR; };
		776EDC6F1F62BB5400D0A0AC /* OnBoardingTests.swift */ = {isa = PBXFileReference; lastKnownFileType = sourcecode.swift; path = OnBoardingTests.swift; sourceTree = "<group>"; };
		776EDC711F62BB5400D0A0AC /* Info.plist */ = {isa = PBXFileReference; lastKnownFileType = text.plist.xml; path = Info.plist; sourceTree = "<group>"; };
		776EDC761F62BB5400D0A0AC /* OnBoardingUITests.xctest */ = {isa = PBXFileReference; explicitFileType = wrapper.cfbundle; includeInIndex = 0; path = OnBoardingUITests.xctest; sourceTree = BUILT_PRODUCTS_DIR; };
		776EDC7A1F62BB5400D0A0AC /* OnBoardingUITests.swift */ = {isa = PBXFileReference; lastKnownFileType = sourcecode.swift; path = OnBoardingUITests.swift; sourceTree = "<group>"; };
		776EDC7C1F62BB5400D0A0AC /* Info.plist */ = {isa = PBXFileReference; lastKnownFileType = text.plist.xml; path = Info.plist; sourceTree = "<group>"; };
		776EDC921F62C76700D0A0AC /* UIColor+.swift */ = {isa = PBXFileReference; lastKnownFileType = sourcecode.swift; path = "UIColor+.swift"; sourceTree = "<group>"; };
		7782B1DC1F7A52D80024F976 /* TimesheetViewController.swift */ = {isa = PBXFileReference; lastKnownFileType = sourcecode.swift; path = TimesheetViewController.swift; sourceTree = "<group>"; };
		7782B1E01F7A530E0024F976 /* TimesheetInfoTableView.swift */ = {isa = PBXFileReference; lastKnownFileType = sourcecode.swift; path = TimesheetInfoTableView.swift; sourceTree = "<group>"; };
		7782B1E21F7A53220024F976 /* TimesheetPreviewViewController.swift */ = {isa = PBXFileReference; lastKnownFileType = sourcecode.swift; path = TimesheetPreviewViewController.swift; sourceTree = "<group>"; };
		7782B1E81F7A82BD0024F976 /* TextView.swift */ = {isa = PBXFileReference; fileEncoding = 4; lastKnownFileType = sourcecode.swift; path = TextView.swift; sourceTree = "<group>"; };
		7782B1EA1F7A948C0024F976 /* Message.swift */ = {isa = PBXFileReference; lastKnownFileType = sourcecode.swift; path = Message.swift; sourceTree = "<group>"; };
		7782B1EC1F7A94E00024F976 /* MessageResponse.swift */ = {isa = PBXFileReference; lastKnownFileType = sourcecode.swift; path = MessageResponse.swift; sourceTree = "<group>"; };
		7782B1EE1F7A9A740024F976 /* MessageTableView.swift */ = {isa = PBXFileReference; lastKnownFileType = sourcecode.swift; path = MessageTableView.swift; sourceTree = "<group>"; };
		77B601951F6BDB70000BC777 /* ProfileTableView.swift */ = {isa = PBXFileReference; lastKnownFileType = sourcecode.swift; path = ProfileTableView.swift; sourceTree = "<group>"; };
		77B601971F6BEA42000BC777 /* BasicTableViewCell.swift */ = {isa = PBXFileReference; lastKnownFileType = sourcecode.swift; path = BasicTableViewCell.swift; sourceTree = "<group>"; };
		77BEDF631F6FEF610097CF46 /* MessageViewController.swift */ = {isa = PBXFileReference; lastKnownFileType = sourcecode.swift; path = MessageViewController.swift; sourceTree = "<group>"; };
		77BEDF651F6FEF7F0097CF46 /* MessageView.swift */ = {isa = PBXFileReference; lastKnownFileType = sourcecode.swift; path = MessageView.swift; sourceTree = "<group>"; };
		77D919161F7258FF00BFAB45 /* FeedService.swift */ = {isa = PBXFileReference; lastKnownFileType = sourcecode.swift; path = FeedService.swift; sourceTree = "<group>"; };
		77D919181F72591C00BFAB45 /* Feed.swift */ = {isa = PBXFileReference; lastKnownFileType = sourcecode.swift; path = Feed.swift; sourceTree = "<group>"; };
		77D9191A1F7262B100BFAB45 /* MenuItem.swift */ = {isa = PBXFileReference; lastKnownFileType = sourcecode.swift; path = MenuItem.swift; sourceTree = "<group>"; };
		77D9191C1F72719D00BFAB45 /* Associate.swift */ = {isa = PBXFileReference; lastKnownFileType = sourcecode.swift; path = Associate.swift; sourceTree = "<group>"; };
		77D919231F728C2100BFAB45 /* PickerView.swift */ = {isa = PBXFileReference; lastKnownFileType = sourcecode.swift; path = PickerView.swift; sourceTree = "<group>"; };
		77D9D4EE1F7CE6A40058C9D9 /* AuthenticationService.swift */ = {isa = PBXFileReference; lastKnownFileType = sourcecode.swift; path = AuthenticationService.swift; sourceTree = "<group>"; };
		77D9D4F01F7CF8EE0058C9D9 /* Failure.swift */ = {isa = PBXFileReference; lastKnownFileType = sourcecode.swift; path = Failure.swift; sourceTree = "<group>"; };
		77D9D4F31F7D01460058C9D9 /* AuthenticationManager.swift */ = {isa = PBXFileReference; lastKnownFileType = sourcecode.swift; path = AuthenticationManager.swift; sourceTree = "<group>"; };
		77D9D4F51F7D04410058C9D9 /* TriggerButton.swift */ = {isa = PBXFileReference; lastKnownFileType = sourcecode.swift; path = TriggerButton.swift; sourceTree = "<group>"; };
		77FB51EC1F73D438006E73AB /* TimeInterval+.swift */ = {isa = PBXFileReference; lastKnownFileType = sourcecode.swift; path = "TimeInterval+.swift"; sourceTree = "<group>"; };
		77FFA8651F700D390034B746 /* AlertView.swift */ = {isa = PBXFileReference; lastKnownFileType = sourcecode.swift; path = AlertView.swift; sourceTree = "<group>"; };
		77FFA8671F7132870034B746 /* FeedTableView.swift */ = {isa = PBXFileReference; lastKnownFileType = sourcecode.swift; path = FeedTableView.swift; sourceTree = "<group>"; };
		77FFA8691F7135B70034B746 /* ExtendedTableViewCell.swift */ = {isa = PBXFileReference; lastKnownFileType = sourcecode.swift; path = ExtendedTableViewCell.swift; sourceTree = "<group>"; };
/* End PBXFileReference section */

/* Begin PBXFrameworksBuildPhase section */
		776EDC541F62BB5400D0A0AC /* Frameworks */ = {
			isa = PBXFrameworksBuildPhase;
			buildActionMask = 2147483647;
			files = (
				FA7672CEFE7EB9ABA6B7067D /* Pods_OnBoarding.framework in Frameworks */,
			);
			runOnlyForDeploymentPostprocessing = 0;
		};
		776EDC681F62BB5400D0A0AC /* Frameworks */ = {
			isa = PBXFrameworksBuildPhase;
			buildActionMask = 2147483647;
			files = (
			);
			runOnlyForDeploymentPostprocessing = 0;
		};
		776EDC731F62BB5400D0A0AC /* Frameworks */ = {
			isa = PBXFrameworksBuildPhase;
			buildActionMask = 2147483647;
			files = (
			);
			runOnlyForDeploymentPostprocessing = 0;
		};
/* End PBXFrameworksBuildPhase section */

/* Begin PBXGroup section */
		772BD9871F6BAA05003FEC2B /* Service */ = {
			isa = PBXGroup;
			children = (
				77D919161F7258FF00BFAB45 /* FeedService.swift */,
				77D9D4EE1F7CE6A40058C9D9 /* AuthenticationService.swift */,
			);
			path = Service;
			sourceTree = "<group>";
		};
		7754CA201F66E3B5005197ED /* Login */ = {
			isa = PBXGroup;
			children = (
				7754CA291F66E48C005197ED /* LoginView.swift */,
				7754CA271F66E476005197ED /* LoginViewController.swift */,
				7754CA231F66E3D4005197ED /* CreatePasswordView.swift */,
				7754CA241F66E3D5005197ED /* RequestIDView.swift */,
			);
			path = Login;
			sourceTree = "<group>";
		};
		7754CA2B1F66E628005197ED /* Home */ = {
			isa = PBXGroup;
			children = (
				7754CA2C1F66E638005197ED /* HomeViewController.swift */,
				776075AE1F861957009BB974 /* MainMenuItems.swift */,
				7754CA371F67D8D1005197ED /* MainMenuView.swift */,
				7754CA3B1F67E059005197ED /* HomeCollectionViewCell.swift */,
				77FFA8671F7132870034B746 /* FeedTableView.swift */,
			);
			path = Home;
			sourceTree = "<group>";
		};
		7754CA2E1F67CBF3005197ED /* GSD */ = {
			isa = PBXGroup;
			children = (
				7754CA321F67CC60005197ED /* GSDViewController.swift */,
				77BEDF631F6FEF610097CF46 /* MessageViewController.swift */,
				77BEDF651F6FEF7F0097CF46 /* MessageView.swift */,
				7782B1EE1F7A9A740024F976 /* MessageTableView.swift */,
			);
			path = GSD;
			sourceTree = "<group>";
		};
		7754CA2F1F67CBFC005197ED /* Profile */ = {
			isa = PBXGroup;
			children = (
				7754CA301F67CC22005197ED /* ProfileViewController.swift */,
				77B601951F6BDB70000BC777 /* ProfileTableView.swift */,
			);
			path = Profile;
			sourceTree = "<group>";
		};
		7754CA341F67D512005197ED /* Common */ = {
			isa = PBXGroup;
			children = (
				7782B1E81F7A82BD0024F976 /* TextView.swift */,
				7749AC781F6BB94100F1939C /* MediaViewController.swift */,
				7754CA391F67DCBB005197ED /* CellViewProtocols.swift */,
				772BD9811F695C7B003FEC2B /* InfoView.swift */,
				77B601971F6BEA42000BC777 /* BasicTableViewCell.swift */,
				77FFA8651F700D390034B746 /* AlertView.swift */,
				77FFA8691F7135B70034B746 /* ExtendedTableViewCell.swift */,
				77D919231F728C2100BFAB45 /* PickerView.swift */,
				772F31621F7505E000775AA8 /* TimeCalculator.swift */,
				77D9D4F01F7CF8EE0058C9D9 /* Failure.swift */,
				77D9D4F51F7D04410058C9D9 /* TriggerButton.swift */,
				776075AC1F860F70009BB974 /* TriggerView.swift */,
			);
			path = Common;
			sourceTree = "<group>";
		};
		776EDC4E1F62BB5400D0A0AC = {
			isa = PBXGroup;
			children = (
				776EDC591F62BB5400D0A0AC /* OnBoarding */,
				776EDC6E1F62BB5400D0A0AC /* OnBoardingTests */,
				776EDC791F62BB5400D0A0AC /* OnBoardingUITests */,
				776EDC581F62BB5400D0A0AC /* Products */,
				F088596E634FEC21FA91EA3C /* Pods */,
				989CB19EC6742B86FE301B32 /* Frameworks */,
			);
			sourceTree = "<group>";
		};
		776EDC581F62BB5400D0A0AC /* Products */ = {
			isa = PBXGroup;
			children = (
				776EDC571F62BB5400D0A0AC /* OnBoarding.app */,
				776EDC6B1F62BB5400D0A0AC /* OnBoardingTests.xctest */,
				776EDC761F62BB5400D0A0AC /* OnBoardingUITests.xctest */,
			);
			name = Products;
			sourceTree = "<group>";
		};
		776EDC591F62BB5400D0A0AC /* OnBoarding */ = {
			isa = PBXGroup;
			children = (
				77D9D4F21F7D00D70058C9D9 /* Business */,
				77D919151F7258ED00BFAB45 /* Model */,
				772BD9871F6BAA05003FEC2B /* Service */,
				7754CA341F67D512005197ED /* Common */,
				776EDC911F62C75A00D0A0AC /* Extension */,
				776EDC891F62BC5700D0A0AC /* Presentation */,
				776EDC5A1F62BB5400D0A0AC /* AppDelegate.swift */,
				776EDC5E1F62BB5400D0A0AC /* Main.storyboard */,
				776EDC611F62BB5400D0A0AC /* Assets.xcassets */,
				776EDC631F62BB5400D0A0AC /* LaunchScreen.storyboard */,
				776EDC661F62BB5400D0A0AC /* Info.plist */,
			);
			path = OnBoarding;
			sourceTree = "<group>";
		};
		776EDC6E1F62BB5400D0A0AC /* OnBoardingTests */ = {
			isa = PBXGroup;
			children = (
				776EDC6F1F62BB5400D0A0AC /* OnBoardingTests.swift */,
				776EDC711F62BB5400D0A0AC /* Info.plist */,
			);
			path = OnBoardingTests;
			sourceTree = "<group>";
		};
		776EDC791F62BB5400D0A0AC /* OnBoardingUITests */ = {
			isa = PBXGroup;
			children = (
				776EDC7A1F62BB5400D0A0AC /* OnBoardingUITests.swift */,
				776EDC7C1F62BB5400D0A0AC /* Info.plist */,
			);
			path = OnBoardingUITests;
			sourceTree = "<group>";
		};
		776EDC891F62BC5700D0A0AC /* Presentation */ = {
			isa = PBXGroup;
			children = (
				7782B1DB1F7A52CC0024F976 /* Timesheet */,
				7754CA2F1F67CBFC005197ED /* Profile */,
				7754CA2E1F67CBF3005197ED /* GSD */,
				7754CA2B1F66E628005197ED /* Home */,
				7754CA201F66E3B5005197ED /* Login */,
			);
			path = Presentation;
			sourceTree = "<group>";
		};
		776EDC911F62C75A00D0A0AC /* Extension */ = {
			isa = PBXGroup;
			children = (
				776EDC921F62C76700D0A0AC /* UIColor+.swift */,
				772BD9831F695E2C003FEC2B /* UIImageView+.swift */,
				77FB51EC1F73D438006E73AB /* TimeInterval+.swift */,
				772F31601F7409D400775AA8 /* Date+.swift */,
			);
			path = Extension;
			sourceTree = "<group>";
		};
		7782B1DB1F7A52CC0024F976 /* Timesheet */ = {
			isa = PBXGroup;
			children = (
				776075B21F862662009BB974 /* TimerButton.swift */,
				7782B1DC1F7A52D80024F976 /* TimesheetViewController.swift */,
				7782B1E01F7A530E0024F976 /* TimesheetInfoTableView.swift */,
				7782B1E21F7A53220024F976 /* TimesheetPreviewViewController.swift */,
				776075B01F862397009BB974 /* TimesheetEntries.swift */,
			);
			path = Timesheet;
			sourceTree = "<group>";
		};
		77D919151F7258ED00BFAB45 /* Model */ = {
			isa = PBXGroup;
			children = (
				77D919181F72591C00BFAB45 /* Feed.swift */,
				77D9191A1F7262B100BFAB45 /* MenuItem.swift */,
				77D9191C1F72719D00BFAB45 /* Associate.swift */,
				772F315E1F74081B00775AA8 /* Timesheet.swift */,
				7782B1EA1F7A948C0024F976 /* Message.swift */,
				7782B1EC1F7A94E00024F976 /* MessageResponse.swift */,
			);
			path = Model;
			sourceTree = "<group>";
		};
		77D9D4F21F7D00D70058C9D9 /* Business */ = {
			isa = PBXGroup;
			children = (
				77D9D4F31F7D01460058C9D9 /* AuthenticationManager.swift */,
				776075AA1F851814009BB974 /* FeedManager.swift */,
			);
			path = Business;
			sourceTree = "<group>";
		};
		989CB19EC6742B86FE301B32 /* Frameworks */ = {
			isa = PBXGroup;
			children = (
				6A8FACB739714BCEC9757CA2 /* Pods_OnBoarding.framework */,
			);
			name = Frameworks;
			sourceTree = "<group>";
		};
		F088596E634FEC21FA91EA3C /* Pods */ = {
			isa = PBXGroup;
			children = (
				06A517FBACF267C9A5F17FEF /* Pods-OnBoarding.debug.xcconfig */,
				36EC0F5F2B0BDD0EA9FEF977 /* Pods-OnBoarding.release.xcconfig */,
			);
			name = Pods;
			sourceTree = "<group>";
		};
/* End PBXGroup section */

/* Begin PBXNativeTarget section */
		776EDC561F62BB5400D0A0AC /* OnBoarding */ = {
			isa = PBXNativeTarget;
			buildConfigurationList = 776EDC7F1F62BB5400D0A0AC /* Build configuration list for PBXNativeTarget "OnBoarding" */;
			buildPhases = (
				F14E79161A4203B5C92B9237 /* [CP] Check Pods Manifest.lock */,
				776EDC531F62BB5400D0A0AC /* Sources */,
				776EDC541F62BB5400D0A0AC /* Frameworks */,
				776EDC551F62BB5400D0A0AC /* Resources */,
				ACA2F7581DB353F5A0B0FDD2 /* [CP] Embed Pods Frameworks */,
				2D2340D24049394ED7E9F6A5 /* [CP] Copy Pods Resources */,
			);
			buildRules = (
			);
			dependencies = (
			);
			name = OnBoarding;
			productName = OnBoarding;
			productReference = 776EDC571F62BB5400D0A0AC /* OnBoarding.app */;
			productType = "com.apple.product-type.application";
		};
		776EDC6A1F62BB5400D0A0AC /* OnBoardingTests */ = {
			isa = PBXNativeTarget;
			buildConfigurationList = 776EDC821F62BB5400D0A0AC /* Build configuration list for PBXNativeTarget "OnBoardingTests" */;
			buildPhases = (
				776EDC671F62BB5400D0A0AC /* Sources */,
				776EDC681F62BB5400D0A0AC /* Frameworks */,
				776EDC691F62BB5400D0A0AC /* Resources */,
			);
			buildRules = (
			);
			dependencies = (
				776EDC6D1F62BB5400D0A0AC /* PBXTargetDependency */,
			);
			name = OnBoardingTests;
			productName = OnBoardingTests;
			productReference = 776EDC6B1F62BB5400D0A0AC /* OnBoardingTests.xctest */;
			productType = "com.apple.product-type.bundle.unit-test";
		};
		776EDC751F62BB5400D0A0AC /* OnBoardingUITests */ = {
			isa = PBXNativeTarget;
			buildConfigurationList = 776EDC851F62BB5400D0A0AC /* Build configuration list for PBXNativeTarget "OnBoardingUITests" */;
			buildPhases = (
				776EDC721F62BB5400D0A0AC /* Sources */,
				776EDC731F62BB5400D0A0AC /* Frameworks */,
				776EDC741F62BB5400D0A0AC /* Resources */,
			);
			buildRules = (
			);
			dependencies = (
				776EDC781F62BB5400D0A0AC /* PBXTargetDependency */,
			);
			name = OnBoardingUITests;
			productName = OnBoardingUITests;
			productReference = 776EDC761F62BB5400D0A0AC /* OnBoardingUITests.xctest */;
			productType = "com.apple.product-type.bundle.ui-testing";
		};
/* End PBXNativeTarget section */

/* Begin PBXProject section */
		776EDC4F1F62BB5400D0A0AC /* Project object */ = {
			isa = PBXProject;
			attributes = {
				LastSwiftUpdateCheck = 0900;
				LastUpgradeCheck = 0900;
				ORGANIZATIONNAME = mmaalej;
				TargetAttributes = {
					776EDC561F62BB5400D0A0AC = {
						CreatedOnToolsVersion = 9.0;
						ProvisioningStyle = Automatic;
					};
					776EDC6A1F62BB5400D0A0AC = {
						CreatedOnToolsVersion = 9.0;
						ProvisioningStyle = Automatic;
						TestTargetID = 776EDC561F62BB5400D0A0AC;
					};
					776EDC751F62BB5400D0A0AC = {
						CreatedOnToolsVersion = 9.0;
						ProvisioningStyle = Automatic;
						TestTargetID = 776EDC561F62BB5400D0A0AC;
					};
				};
			};
			buildConfigurationList = 776EDC521F62BB5400D0A0AC /* Build configuration list for PBXProject "OnBoarding" */;
			compatibilityVersion = "Xcode 8.0";
			developmentRegion = en;
			hasScannedForEncodings = 0;
			knownRegions = (
				en,
				Base,
			);
			mainGroup = 776EDC4E1F62BB5400D0A0AC;
			productRefGroup = 776EDC581F62BB5400D0A0AC /* Products */;
			projectDirPath = "";
			projectRoot = "";
			targets = (
				776EDC561F62BB5400D0A0AC /* OnBoarding */,
				776EDC6A1F62BB5400D0A0AC /* OnBoardingTests */,
				776EDC751F62BB5400D0A0AC /* OnBoardingUITests */,
			);
		};
/* End PBXProject section */

/* Begin PBXResourcesBuildPhase section */
		776EDC551F62BB5400D0A0AC /* Resources */ = {
			isa = PBXResourcesBuildPhase;
			buildActionMask = 2147483647;
			files = (
				776EDC651F62BB5400D0A0AC /* LaunchScreen.storyboard in Resources */,
				776EDC621F62BB5400D0A0AC /* Assets.xcassets in Resources */,
				776EDC601F62BB5400D0A0AC /* Main.storyboard in Resources */,
			);
			runOnlyForDeploymentPostprocessing = 0;
		};
		776EDC691F62BB5400D0A0AC /* Resources */ = {
			isa = PBXResourcesBuildPhase;
			buildActionMask = 2147483647;
			files = (
			);
			runOnlyForDeploymentPostprocessing = 0;
		};
		776EDC741F62BB5400D0A0AC /* Resources */ = {
			isa = PBXResourcesBuildPhase;
			buildActionMask = 2147483647;
			files = (
			);
			runOnlyForDeploymentPostprocessing = 0;
		};
/* End PBXResourcesBuildPhase section */

/* Begin PBXShellScriptBuildPhase section */
		2D2340D24049394ED7E9F6A5 /* [CP] Copy Pods Resources */ = {
			isa = PBXShellScriptBuildPhase;
			buildActionMask = 2147483647;
			files = (
			);
			inputPaths = (
			);
			name = "[CP] Copy Pods Resources";
			outputPaths = (
			);
			runOnlyForDeploymentPostprocessing = 0;
			shellPath = /bin/sh;
			shellScript = "\"${SRCROOT}/Pods/Target Support Files/Pods-OnBoarding/Pods-OnBoarding-resources.sh\"\n";
			showEnvVarsInLog = 0;
		};
		ACA2F7581DB353F5A0B0FDD2 /* [CP] Embed Pods Frameworks */ = {
			isa = PBXShellScriptBuildPhase;
			buildActionMask = 2147483647;
			files = (
			);
			inputPaths = (
				"${SRCROOT}/Pods/Target Support Files/Pods-OnBoarding/Pods-OnBoarding-frameworks.sh",
				"${BUILT_PRODUCTS_DIR}/Alamofire/Alamofire.framework",
			);
			name = "[CP] Embed Pods Frameworks";
			outputPaths = (
				"${TARGET_BUILD_DIR}/${FRAMEWORKS_FOLDER_PATH}/Alamofire.framework",
			);
			runOnlyForDeploymentPostprocessing = 0;
			shellPath = /bin/sh;
			shellScript = "\"${SRCROOT}/Pods/Target Support Files/Pods-OnBoarding/Pods-OnBoarding-frameworks.sh\"\n";
			showEnvVarsInLog = 0;
		};
		F14E79161A4203B5C92B9237 /* [CP] Check Pods Manifest.lock */ = {
			isa = PBXShellScriptBuildPhase;
			buildActionMask = 2147483647;
			files = (
			);
			inputPaths = (
				"${PODS_PODFILE_DIR_PATH}/Podfile.lock",
				"${PODS_ROOT}/Manifest.lock",
			);
			name = "[CP] Check Pods Manifest.lock";
			outputPaths = (
				"$(DERIVED_FILE_DIR)/Pods-OnBoarding-checkManifestLockResult.txt",
			);
			runOnlyForDeploymentPostprocessing = 0;
			shellPath = /bin/sh;
			shellScript = "diff \"${PODS_PODFILE_DIR_PATH}/Podfile.lock\" \"${PODS_ROOT}/Manifest.lock\" > /dev/null\nif [ $? != 0 ] ; then\n    # print error to STDERR\n    echo \"error: The sandbox is not in sync with the Podfile.lock. Run 'pod install' or update your CocoaPods installation.\" >&2\n    exit 1\nfi\n# This output is used by Xcode 'outputs' to avoid re-running this script phase.\necho \"SUCCESS\" > \"${SCRIPT_OUTPUT_FILE_0}\"\n";
			showEnvVarsInLog = 0;
		};
/* End PBXShellScriptBuildPhase section */

/* Begin PBXSourcesBuildPhase section */
		776EDC531F62BB5400D0A0AC /* Sources */ = {
			isa = PBXSourcesBuildPhase;
			buildActionMask = 2147483647;
			files = (
				7754CA2A1F66E48C005197ED /* LoginView.swift in Sources */,
				77D919191F72591C00BFAB45 /* Feed.swift in Sources */,
				77D9191D1F72719D00BFAB45 /* Associate.swift in Sources */,
				7754CA331F67CC60005197ED /* GSDViewController.swift in Sources */,
				77B601981F6BEA42000BC777 /* BasicTableViewCell.swift in Sources */,
				7782B1E11F7A530E0024F976 /* TimesheetInfoTableView.swift in Sources */,
				776075AB1F851814009BB974 /* FeedManager.swift in Sources */,
				7754CA251F66E3D5005197ED /* CreatePasswordView.swift in Sources */,
				77D9D4F41F7D01460058C9D9 /* AuthenticationManager.swift in Sources */,
				7782B1DD1F7A52D80024F976 /* TimesheetViewController.swift in Sources */,
				7782B1EB1F7A948C0024F976 /* Message.swift in Sources */,
				772BD9841F695E2C003FEC2B /* UIImageView+.swift in Sources */,
				77BEDF661F6FEF7F0097CF46 /* MessageView.swift in Sources */,
				772F31631F7505E000775AA8 /* TimeCalculator.swift in Sources */,
				776EDC5B1F62BB5400D0A0AC /* AppDelegate.swift in Sources */,
				776EDC931F62C76700D0A0AC /* UIColor+.swift in Sources */,
				7754CA3C1F67E059005197ED /* HomeCollectionViewCell.swift in Sources */,
				77D9D4EF1F7CE6A40058C9D9 /* AuthenticationService.swift in Sources */,
				772BD9821F695C7B003FEC2B /* InfoView.swift in Sources */,
				776075B11F862397009BB974 /* TimesheetEntries.swift in Sources */,
				7782B1E91F7A82BD0024F976 /* TextView.swift in Sources */,
				7754CA381F67D8D1005197ED /* MainMenuView.swift in Sources */,
				7782B1ED1F7A94E00024F976 /* MessageResponse.swift in Sources */,
				7749AC791F6BB94100F1939C /* MediaViewController.swift in Sources */,
				77D919241F728C2100BFAB45 /* PickerView.swift in Sources */,
				772F315F1F74081B00775AA8 /* Timesheet.swift in Sources */,
				7754CA281F66E476005197ED /* LoginViewController.swift in Sources */,
				77BEDF641F6FEF610097CF46 /* MessageViewController.swift in Sources */,
				77FFA8661F700D390034B746 /* AlertView.swift in Sources */,
				77B601961F6BDB70000BC777 /* ProfileTableView.swift in Sources */,
				776075AF1F861957009BB974 /* MainMenuItems.swift in Sources */,
				7754CA2D1F66E638005197ED /* HomeViewController.swift in Sources */,
				77FFA86A1F7135B70034B746 /* ExtendedTableViewCell.swift in Sources */,
				7782B1E31F7A53220024F976 /* TimesheetPreviewViewController.swift in Sources */,
				77D919171F7258FF00BFAB45 /* FeedService.swift in Sources */,
				772F31611F7409D400775AA8 /* Date+.swift in Sources */,
				7754CA3A1F67DCBB005197ED /* CellViewProtocols.swift in Sources */,
				7754CA311F67CC22005197ED /* ProfileViewController.swift in Sources */,
				776075AD1F860F70009BB974 /* TriggerView.swift in Sources */,
				77FFA8681F7132870034B746 /* FeedTableView.swift in Sources */,
				77D9191B1F7262B100BFAB45 /* MenuItem.swift in Sources */,
				7754CA261F66E3D5005197ED /* RequestIDView.swift in Sources */,
				7782B1EF1F7A9A740024F976 /* MessageTableView.swift in Sources */,
				77D9D4F11F7CF8EE0058C9D9 /* Failure.swift in Sources */,
				77D9D4F61F7D04410058C9D9 /* TriggerButton.swift in Sources */,
				776075B31F862663009BB974 /* TimerButton.swift in Sources */,
				77FB51ED1F73D438006E73AB /* TimeInterval+.swift in Sources */,
			);
			runOnlyForDeploymentPostprocessing = 0;
		};
		776EDC671F62BB5400D0A0AC /* Sources */ = {
			isa = PBXSourcesBuildPhase;
			buildActionMask = 2147483647;
			files = (
				776EDC701F62BB5400D0A0AC /* OnBoardingTests.swift in Sources */,
			);
			runOnlyForDeploymentPostprocessing = 0;
		};
		776EDC721F62BB5400D0A0AC /* Sources */ = {
			isa = PBXSourcesBuildPhase;
			buildActionMask = 2147483647;
			files = (
				776EDC7B1F62BB5400D0A0AC /* OnBoardingUITests.swift in Sources */,
			);
			runOnlyForDeploymentPostprocessing = 0;
		};
/* End PBXSourcesBuildPhase section */

/* Begin PBXTargetDependency section */
		776EDC6D1F62BB5400D0A0AC /* PBXTargetDependency */ = {
			isa = PBXTargetDependency;
			target = 776EDC561F62BB5400D0A0AC /* OnBoarding */;
			targetProxy = 776EDC6C1F62BB5400D0A0AC /* PBXContainerItemProxy */;
		};
		776EDC781F62BB5400D0A0AC /* PBXTargetDependency */ = {
			isa = PBXTargetDependency;
			target = 776EDC561F62BB5400D0A0AC /* OnBoarding */;
			targetProxy = 776EDC771F62BB5400D0A0AC /* PBXContainerItemProxy */;
		};
/* End PBXTargetDependency section */

/* Begin PBXVariantGroup section */
		776EDC5E1F62BB5400D0A0AC /* Main.storyboard */ = {
			isa = PBXVariantGroup;
			children = (
				776EDC5F1F62BB5400D0A0AC /* Base */,
			);
			name = Main.storyboard;
			sourceTree = "<group>";
		};
		776EDC631F62BB5400D0A0AC /* LaunchScreen.storyboard */ = {
			isa = PBXVariantGroup;
			children = (
				776EDC641F62BB5400D0A0AC /* Base */,
			);
			name = LaunchScreen.storyboard;
			sourceTree = "<group>";
		};
/* End PBXVariantGroup section */

/* Begin XCBuildConfiguration section */
		776EDC7D1F62BB5400D0A0AC /* Debug */ = {
			isa = XCBuildConfiguration;
			buildSettings = {
				ALWAYS_SEARCH_USER_PATHS = NO;
				CLANG_ANALYZER_NONNULL = YES;
				CLANG_ANALYZER_NUMBER_OBJECT_CONVERSION = YES_AGGRESSIVE;
				CLANG_CXX_LANGUAGE_STANDARD = "gnu++14";
				CLANG_CXX_LIBRARY = "libc++";
				CLANG_ENABLE_MODULES = YES;
				CLANG_ENABLE_OBJC_ARC = YES;
				CLANG_WARN_BLOCK_CAPTURE_AUTORELEASING = YES;
				CLANG_WARN_BOOL_CONVERSION = YES;
				CLANG_WARN_COMMA = YES;
				CLANG_WARN_CONSTANT_CONVERSION = YES;
				CLANG_WARN_DIRECT_OBJC_ISA_USAGE = YES_ERROR;
				CLANG_WARN_DOCUMENTATION_COMMENTS = YES;
				CLANG_WARN_EMPTY_BODY = YES;
				CLANG_WARN_ENUM_CONVERSION = YES;
				CLANG_WARN_INFINITE_RECURSION = YES;
				CLANG_WARN_INT_CONVERSION = YES;
				CLANG_WARN_NON_LITERAL_NULL_CONVERSION = YES;
				CLANG_WARN_OBJC_LITERAL_CONVERSION = YES;
				CLANG_WARN_OBJC_ROOT_CLASS = YES_ERROR;
				CLANG_WARN_RANGE_LOOP_ANALYSIS = YES;
				CLANG_WARN_STRICT_PROTOTYPES = YES;
				CLANG_WARN_SUSPICIOUS_MOVE = YES;
				CLANG_WARN_UNGUARDED_AVAILABILITY = YES_AGGRESSIVE;
				CLANG_WARN_UNREACHABLE_CODE = YES;
				CLANG_WARN__DUPLICATE_METHOD_MATCH = YES;
				CODE_SIGN_IDENTITY = "iPhone Developer";
				COPY_PHASE_STRIP = NO;
				DEBUG_INFORMATION_FORMAT = dwarf;
				ENABLE_STRICT_OBJC_MSGSEND = YES;
				ENABLE_TESTABILITY = YES;
				GCC_C_LANGUAGE_STANDARD = gnu11;
				GCC_DYNAMIC_NO_PIC = NO;
				GCC_NO_COMMON_BLOCKS = YES;
				GCC_OPTIMIZATION_LEVEL = 0;
				GCC_PREPROCESSOR_DEFINITIONS = (
					"DEBUG=1",
					"$(inherited)",
				);
				GCC_WARN_64_TO_32_BIT_CONVERSION = YES;
				GCC_WARN_ABOUT_RETURN_TYPE = YES_ERROR;
				GCC_WARN_UNDECLARED_SELECTOR = YES;
				GCC_WARN_UNINITIALIZED_AUTOS = YES_AGGRESSIVE;
				GCC_WARN_UNUSED_FUNCTION = YES;
				GCC_WARN_UNUSED_VARIABLE = YES;
				IPHONEOS_DEPLOYMENT_TARGET = 11.0;
				MTL_ENABLE_DEBUG_INFO = YES;
				ONLY_ACTIVE_ARCH = YES;
				SDKROOT = iphoneos;
				SWIFT_ACTIVE_COMPILATION_CONDITIONS = DEBUG;
				SWIFT_OPTIMIZATION_LEVEL = "-Onone";
			};
			name = Debug;
		};
		776EDC7E1F62BB5400D0A0AC /* Release */ = {
			isa = XCBuildConfiguration;
			buildSettings = {
				ALWAYS_SEARCH_USER_PATHS = NO;
				CLANG_ANALYZER_NONNULL = YES;
				CLANG_ANALYZER_NUMBER_OBJECT_CONVERSION = YES_AGGRESSIVE;
				CLANG_CXX_LANGUAGE_STANDARD = "gnu++14";
				CLANG_CXX_LIBRARY = "libc++";
				CLANG_ENABLE_MODULES = YES;
				CLANG_ENABLE_OBJC_ARC = YES;
				CLANG_WARN_BLOCK_CAPTURE_AUTORELEASING = YES;
				CLANG_WARN_BOOL_CONVERSION = YES;
				CLANG_WARN_COMMA = YES;
				CLANG_WARN_CONSTANT_CONVERSION = YES;
				CLANG_WARN_DIRECT_OBJC_ISA_USAGE = YES_ERROR;
				CLANG_WARN_DOCUMENTATION_COMMENTS = YES;
				CLANG_WARN_EMPTY_BODY = YES;
				CLANG_WARN_ENUM_CONVERSION = YES;
				CLANG_WARN_INFINITE_RECURSION = YES;
				CLANG_WARN_INT_CONVERSION = YES;
				CLANG_WARN_NON_LITERAL_NULL_CONVERSION = YES;
				CLANG_WARN_OBJC_LITERAL_CONVERSION = YES;
				CLANG_WARN_OBJC_ROOT_CLASS = YES_ERROR;
				CLANG_WARN_RANGE_LOOP_ANALYSIS = YES;
				CLANG_WARN_STRICT_PROTOTYPES = YES;
				CLANG_WARN_SUSPICIOUS_MOVE = YES;
				CLANG_WARN_UNGUARDED_AVAILABILITY = YES_AGGRESSIVE;
				CLANG_WARN_UNREACHABLE_CODE = YES;
				CLANG_WARN__DUPLICATE_METHOD_MATCH = YES;
				CODE_SIGN_IDENTITY = "iPhone Developer";
				COPY_PHASE_STRIP = NO;
				DEBUG_INFORMATION_FORMAT = "dwarf-with-dsym";
				ENABLE_NS_ASSERTIONS = NO;
				ENABLE_STRICT_OBJC_MSGSEND = YES;
				GCC_C_LANGUAGE_STANDARD = gnu11;
				GCC_NO_COMMON_BLOCKS = YES;
				GCC_WARN_64_TO_32_BIT_CONVERSION = YES;
				GCC_WARN_ABOUT_RETURN_TYPE = YES_ERROR;
				GCC_WARN_UNDECLARED_SELECTOR = YES;
				GCC_WARN_UNINITIALIZED_AUTOS = YES_AGGRESSIVE;
				GCC_WARN_UNUSED_FUNCTION = YES;
				GCC_WARN_UNUSED_VARIABLE = YES;
				IPHONEOS_DEPLOYMENT_TARGET = 11.0;
				MTL_ENABLE_DEBUG_INFO = NO;
				SDKROOT = iphoneos;
				SWIFT_OPTIMIZATION_LEVEL = "-Owholemodule";
				VALIDATE_PRODUCT = YES;
			};
			name = Release;
		};
		776EDC801F62BB5400D0A0AC /* Debug */ = {
			isa = XCBuildConfiguration;
			baseConfigurationReference = 06A517FBACF267C9A5F17FEF /* Pods-OnBoarding.debug.xcconfig */;
			buildSettings = {
				ASSETCATALOG_COMPILER_APPICON_NAME = AppIcon;
				CODE_SIGN_STYLE = Automatic;
				INFOPLIST_FILE = OnBoarding/Info.plist;
				IPHONEOS_DEPLOYMENT_TARGET = 11.0;
				LD_RUNPATH_SEARCH_PATHS = "$(inherited) @executable_path/Frameworks";
				PRODUCT_BUNDLE_IDENTIFIER = Cognizant.OnBoarding;
				PRODUCT_NAME = "$(TARGET_NAME)";
				SWIFT_VERSION = 4.0;
				TARGETED_DEVICE_FAMILY = "1,2";
			};
			name = Debug;
		};
		776EDC811F62BB5400D0A0AC /* Release */ = {
			isa = XCBuildConfiguration;
			baseConfigurationReference = 36EC0F5F2B0BDD0EA9FEF977 /* Pods-OnBoarding.release.xcconfig */;
			buildSettings = {
				ASSETCATALOG_COMPILER_APPICON_NAME = AppIcon;
				CODE_SIGN_STYLE = Automatic;
				INFOPLIST_FILE = OnBoarding/Info.plist;
				IPHONEOS_DEPLOYMENT_TARGET = 11.0;
				LD_RUNPATH_SEARCH_PATHS = "$(inherited) @executable_path/Frameworks";
				PRODUCT_BUNDLE_IDENTIFIER = Cognizant.OnBoarding;
				PRODUCT_NAME = "$(TARGET_NAME)";
				SWIFT_VERSION = 4.0;
				TARGETED_DEVICE_FAMILY = "1,2";
			};
			name = Release;
		};
		776EDC831F62BB5400D0A0AC /* Debug */ = {
			isa = XCBuildConfiguration;
			buildSettings = {
				ALWAYS_EMBED_SWIFT_STANDARD_LIBRARIES = YES;
				BUNDLE_LOADER = "$(TEST_HOST)";
				CODE_SIGN_STYLE = Automatic;
				INFOPLIST_FILE = OnBoardingTests/Info.plist;
				LD_RUNPATH_SEARCH_PATHS = "$(inherited) @executable_path/Frameworks @loader_path/Frameworks";
				PRODUCT_BUNDLE_IDENTIFIER = Cognizant.OnBoardingTests;
				PRODUCT_NAME = "$(TARGET_NAME)";
				SWIFT_VERSION = 4.0;
				TARGETED_DEVICE_FAMILY = "1,2";
				TEST_HOST = "$(BUILT_PRODUCTS_DIR)/OnBoarding.app/OnBoarding";
			};
			name = Debug;
		};
		776EDC841F62BB5400D0A0AC /* Release */ = {
			isa = XCBuildConfiguration;
			buildSettings = {
				ALWAYS_EMBED_SWIFT_STANDARD_LIBRARIES = YES;
				BUNDLE_LOADER = "$(TEST_HOST)";
				CODE_SIGN_STYLE = Automatic;
				INFOPLIST_FILE = OnBoardingTests/Info.plist;
				LD_RUNPATH_SEARCH_PATHS = "$(inherited) @executable_path/Frameworks @loader_path/Frameworks";
				PRODUCT_BUNDLE_IDENTIFIER = Cognizant.OnBoardingTests;
				PRODUCT_NAME = "$(TARGET_NAME)";
				SWIFT_VERSION = 4.0;
				TARGETED_DEVICE_FAMILY = "1,2";
				TEST_HOST = "$(BUILT_PRODUCTS_DIR)/OnBoarding.app/OnBoarding";
			};
			name = Release;
		};
		776EDC861F62BB5400D0A0AC /* Debug */ = {
			isa = XCBuildConfiguration;
			buildSettings = {
				ALWAYS_EMBED_SWIFT_STANDARD_LIBRARIES = YES;
				CODE_SIGN_STYLE = Automatic;
				INFOPLIST_FILE = OnBoardingUITests/Info.plist;
				LD_RUNPATH_SEARCH_PATHS = "$(inherited) @executable_path/Frameworks @loader_path/Frameworks";
				PRODUCT_BUNDLE_IDENTIFIER = Cognizant.OnBoardingUITests;
				PRODUCT_NAME = "$(TARGET_NAME)";
				SWIFT_VERSION = 4.0;
				TARGETED_DEVICE_FAMILY = "1,2";
				TEST_TARGET_NAME = OnBoarding;
			};
			name = Debug;
		};
		776EDC871F62BB5400D0A0AC /* Release */ = {
			isa = XCBuildConfiguration;
			buildSettings = {
				ALWAYS_EMBED_SWIFT_STANDARD_LIBRARIES = YES;
				CODE_SIGN_STYLE = Automatic;
				INFOPLIST_FILE = OnBoardingUITests/Info.plist;
				LD_RUNPATH_SEARCH_PATHS = "$(inherited) @executable_path/Frameworks @loader_path/Frameworks";
				PRODUCT_BUNDLE_IDENTIFIER = Cognizant.OnBoardingUITests;
				PRODUCT_NAME = "$(TARGET_NAME)";
				SWIFT_VERSION = 4.0;
				TARGETED_DEVICE_FAMILY = "1,2";
				TEST_TARGET_NAME = OnBoarding;
			};
			name = Release;
		};
/* End XCBuildConfiguration section */

/* Begin XCConfigurationList section */
		776EDC521F62BB5400D0A0AC /* Build configuration list for PBXProject "OnBoarding" */ = {
			isa = XCConfigurationList;
			buildConfigurations = (
				776EDC7D1F62BB5400D0A0AC /* Debug */,
				776EDC7E1F62BB5400D0A0AC /* Release */,
			);
			defaultConfigurationIsVisible = 0;
			defaultConfigurationName = Release;
		};
		776EDC7F1F62BB5400D0A0AC /* Build configuration list for PBXNativeTarget "OnBoarding" */ = {
			isa = XCConfigurationList;
			buildConfigurations = (
				776EDC801F62BB5400D0A0AC /* Debug */,
				776EDC811F62BB5400D0A0AC /* Release */,
			);
			defaultConfigurationIsVisible = 0;
			defaultConfigurationName = Release;
		};
		776EDC821F62BB5400D0A0AC /* Build configuration list for PBXNativeTarget "OnBoardingTests" */ = {
			isa = XCConfigurationList;
			buildConfigurations = (
				776EDC831F62BB5400D0A0AC /* Debug */,
				776EDC841F62BB5400D0A0AC /* Release */,
			);
			defaultConfigurationIsVisible = 0;
			defaultConfigurationName = Release;
		};
		776EDC851F62BB5400D0A0AC /* Build configuration list for PBXNativeTarget "OnBoardingUITests" */ = {
			isa = XCConfigurationList;
			buildConfigurations = (
				776EDC861F62BB5400D0A0AC /* Debug */,
				776EDC871F62BB5400D0A0AC /* Release */,
			);
			defaultConfigurationIsVisible = 0;
			defaultConfigurationName = Release;
		};
/* End XCConfigurationList section */
	};
	rootObject = 776EDC4F1F62BB5400D0A0AC /* Project object */;
}
